{
  "version": 1,
  "dependencies": {
    "net10.0": {
      "ConsoleAppFramework": {
        "type": "Direct",
        "requested": "[5.7.13, )",
        "resolved": "5.7.13",
        "contentHash": "5YE0wrPl4U28g+L6502sNdyUKygSGfeLDOhutD/zMCTFSeM7QnonoYfHjckOeSd1DEl9PUQYAGSqO8DV7lCIuw=="
      },
      "JetBrains.Annotations": {
        "type": "Direct",
        "requested": "[2025.2.4, )",
        "resolved": "2025.2.4",
        "contentHash": "TwbgxAkXxY+vNEhNVx/QXjJ4vqxmepOjsgRvvImQPbHkHMMb4W+ahL3laMsxXKtNT7iMy+E1B3xkqao2hf1n3A=="
      },
      "Microsoft.DotNet.ILCompiler": {
        "type": "Direct",
        "requested": "[10.0.2, )",
        "resolved": "10.0.2",
        "contentHash": "0g8tazNW4q0anSYNl1hnaHGc7+BQXwpNBMx3d5T3JboOVzz4OXZgqbuoBYfn60VtDFtBMNVS2Kfopelpo2pLZA=="
      },
      "Microsoft.NET.ILLink.Tasks": {
        "type": "Direct",
        "requested": "[10.0.2, )",
        "resolved": "10.0.2",
        "contentHash": "sXdDtMf2qcnbygw9OdE535c2lxSxrZP8gO4UhDJ0xiJbl1wIqXS1OTcTDFTIJPOFd6Mhcm8gPEthqWGUxBsTqw=="
      },
      "Roslynator.Analyzers": {
        "type": "Direct",
        "requested": "[4.15.0, )",
        "resolved": "4.15.0",
        "contentHash": "E8fu71Y+vzhniJKy1K13Rzwm8Vjcj7CDFBpflqncKUZfc3SzuF0kMBiyMmgXNPkjWTdE3Z+30HlGgYjHONZY/Q=="
      },
      "Roslynator.CodeAnalysis.Analyzers": {
        "type": "Direct",
        "requested": "[4.15.0, )",
        "resolved": "4.15.0",
        "contentHash": "XPY6vqHG8jLJ1S0SGzLDtyuDjmkcIAGuLRrsG3SlAuyAOlwnVfA1glgIy6YqXutoi7hwd1fqZC2W9zoMntuZNg=="
      },
      "Roslynator.Formatting.Analyzers": {
        "type": "Direct",
        "requested": "[4.15.0, )",
        "resolved": "4.15.0",
        "contentHash": "/LvSJGJbrx+OYC2GePmiAA9fRTfz37R/oaHC2j8YK/j9lE8ykZESCGTMVGqXF5woc6RbzfJlpYkzeG6fAV6hFQ=="
      },
      "System.IO.Abstractions": {
        "type": "Direct",
        "requested": "[22.1.0, )",
        "resolved": "22.1.0",
        "contentHash": "+QDwmFWQQ84FIRFkOGLwdhJWgOP2Qm+d73edWavzVvYrQ029jjB7CdT24L/F9QvGThN7uYZW6vLLSpvaUBC2Cw==",
        "dependencies": {
          "TestableIO.System.IO.Abstractions": "22.1.0",
          "TestableIO.System.IO.Abstractions.Wrappers": "22.1.0"
        }
      },
      "TestableIO.System.IO.Abstractions.Analyzers": {
        "type": "Direct",
        "requested": "[2022.0.0, )",
        "resolved": "2022.0.0",
        "contentHash": "rVk7HyTWXC1IOHTLMOzZyX6Wu1qbwVoA17XGF837uUElDnfg4emPxewPpGSgtuJzuJeoH4SGeQtDoB8v9J1d9Q=="
      },
      "TestableIO.System.IO.Abstractions": {
        "type": "Transitive",
        "resolved": "22.1.0",
        "contentHash": "YQ/IuNE8gP/+yNwQjdqd6DKhB9ADGjosxuY2IMXcQ3729iXa9QRsPlmIBpk73L0s9E2b+MTYhAR/2Spk8REjvA==",
        "dependencies": {
          "Testably.Abstractions.FileSystem.Interface": "10.0.0"
        }
      },
      "TestableIO.System.IO.Abstractions.Wrappers": {
        "type": "Transitive",
        "resolved": "22.1.0",
        "contentHash": "IsW3jQqIiTN4GwdWFx+dzgRL5XR75UDTFVGuuIackPf2d7eH0KKyrx4wuIoASa1XnS9zhgLP39FKwJq6nbbx1w==",
        "dependencies": {
          "Testably.Abstractions.FileSystem.Interface": "10.0.0"
        }
      },
      "Testably.Abstractions.FileSystem.Interface": {
        "type": "Transitive",
        "resolved": "10.0.0",
        "contentHash": "tZOXFLGjkh8TxgMgKeEcM2HAlz9DwndGl6TFLo6ISHcszFX3FkuPMrtVbmqVjhooWNXrgJ/a9cH9ym5MZL1LAg=="
      }
    },
    "net10.0/linux-arm64": {
      "Microsoft.DotNet.ILCompiler": {
        "type": "Direct",
        "requested": "[10.0.2, )",
        "resolved": "10.0.2",
        "contentHash": "0g8tazNW4q0anSYNl1hnaHGc7+BQXwpNBMx3d5T3JboOVzz4OXZgqbuoBYfn60VtDFtBMNVS2Kfopelpo2pLZA==",
        "dependencies": {
          "runtime.linux-arm64.Microsoft.DotNet.ILCompiler": "10.0.2"
        }
      },
      "runtime.linux-arm64.Microsoft.DotNet.ILCompiler": {
        "type": "Transitive",
        "resolved": "10.0.2",
        "contentHash": "kmZPTEiuY0fvobk4fMoL8ylcjbrJB9Oj8NeEfvUprEzZlodupK5MumI04HYkEDDzTHWKbbx+IIZfpz6qmgs4FQ=="
      }
    },
    "net10.0/linux-x64": {
      "Microsoft.DotNet.ILCompiler": {
        "type": "Direct",
        "requested": "[10.0.2, )",
        "resolved": "10.0.2",
        "contentHash": "0g8tazNW4q0anSYNl1hnaHGc7+BQXwpNBMx3d5T3JboOVzz4OXZgqbuoBYfn60VtDFtBMNVS2Kfopelpo2pLZA==",
        "dependencies": {
          "runtime.linux-x64.Microsoft.DotNet.ILCompiler": "10.0.2"
        }
      },
      "runtime.linux-x64.Microsoft.DotNet.ILCompiler": {
        "type": "Transitive",
        "resolved": "10.0.2",
        "contentHash": "SoewpNOnqVE6jtBS1wv4XK9bFqq0IdbuiNW0VGxjA54FPOFwO0Mg9O/srFws75UZw2kKH4takgkhZIC+mLAv3Q=="
      }
    },
    "net10.0/osx-arm64": {
      "Microsoft.DotNet.ILCompiler": {
        "type": "Direct",
        "requested": "[10.0.2, )",
        "resolved": "10.0.2",
        "contentHash": "0g8tazNW4q0anSYNl1hnaHGc7+BQXwpNBMx3d5T3JboOVzz4OXZgqbuoBYfn60VtDFtBMNVS2Kfopelpo2pLZA==",
        "dependencies": {
          "runtime.osx-arm64.Microsoft.DotNet.ILCompiler": "10.0.2"
        }
      },
      "runtime.osx-arm64.Microsoft.DotNet.ILCompiler": {
        "type": "Transitive",
        "resolved": "10.0.2",
        "contentHash": "i9rGvVmt4CVRGXTohlE8txFqoRB536mHAnxol3esPxoATOZ+BMqi6bV4qWGYGO/Zfj/yUe0K18MJA5b4GSkrtQ=="
      }
    },
    "net10.0/osx-x64": {
      "Microsoft.DotNet.ILCompiler": {
        "type": "Direct",
        "requested": "[10.0.2, )",
        "resolved": "10.0.2",
        "contentHash": "0g8tazNW4q0anSYNl1hnaHGc7+BQXwpNBMx3d5T3JboOVzz4OXZgqbuoBYfn60VtDFtBMNVS2Kfopelpo2pLZA==",
        "dependencies": {
          "runtime.osx-x64.Microsoft.DotNet.ILCompiler": "10.0.2"
        }
      },
      "runtime.osx-x64.Microsoft.DotNet.ILCompiler": {
        "type": "Transitive",
        "resolved": "10.0.2",
        "contentHash": "lH5ObIy9gvOYIPCAm6YHumZC948psdaVJe1v5Wz8WFf3qEwEIHviBammCvjcHR4bXKaHWkd/ZziyjjZ9aHDgbA=="
      }
    },
    "net10.0/win-arm64": {
      "Microsoft.DotNet.ILCompiler": {
        "type": "Direct",
        "requested": "[10.0.2, )",
        "resolved": "10.0.2",
        "contentHash": "0g8tazNW4q0anSYNl1hnaHGc7+BQXwpNBMx3d5T3JboOVzz4OXZgqbuoBYfn60VtDFtBMNVS2Kfopelpo2pLZA==",
        "dependencies": {
          "runtime.win-arm64.Microsoft.DotNet.ILCompiler": "10.0.2"
        }
      },
      "runtime.win-arm64.Microsoft.DotNet.ILCompiler": {
        "type": "Transitive",
        "resolved": "10.0.2",
        "contentHash": "NrPgb1iYrVJfZDtd1VKNpZyjtDvr+JrrgMVlhJgx0AbHB0wDp/DwlxlWSEwv2S7ACdSwxyLFEGlLANnl27F0/w=="
      }
    },
    "net10.0/win-x64": {
      "Microsoft.DotNet.ILCompiler": {
        "type": "Direct",
        "requested": "[10.0.2, )",
        "resolved": "10.0.2",
        "contentHash": "0g8tazNW4q0anSYNl1hnaHGc7+BQXwpNBMx3d5T3JboOVzz4OXZgqbuoBYfn60VtDFtBMNVS2Kfopelpo2pLZA==",
        "dependencies": {
          "runtime.win-x64.Microsoft.DotNet.ILCompiler": "10.0.2"
        }
      },
      "runtime.win-x64.Microsoft.DotNet.ILCompiler": {
        "type": "Transitive",
        "resolved": "10.0.2",
        "contentHash": "n7oF/KeIDJpf1wzniAhLcKYVyY8vA+Sb03rkV3e2Sr0+t+iPKZsLzdlXe7yUUqshcxc2XKVEKJzpKTyiZm+SKQ=="
      }
    },
    "net8.0": {
      "ConsoleAppFramework": {
        "type": "Direct",
        "requested": "[5.7.13, )",
        "resolved": "5.7.13",
        "contentHash": "5YE0wrPl4U28g+L6502sNdyUKygSGfeLDOhutD/zMCTFSeM7QnonoYfHjckOeSd1DEl9PUQYAGSqO8DV7lCIuw=="
      },
      "JetBrains.Annotations": {
        "type": "Direct",
        "requested": "[2025.2.4, )",
        "resolved": "2025.2.4",
        "contentHash": "TwbgxAkXxY+vNEhNVx/QXjJ4vqxmepOjsgRvvImQPbHkHMMb4W+ahL3laMsxXKtNT7iMy+E1B3xkqao2hf1n3A=="
      },
      "Roslynator.Analyzers": {
        "type": "Direct",
        "requested": "[4.15.0, )",
        "resolved": "4.15.0",
        "contentHash": "E8fu71Y+vzhniJKy1K13Rzwm8Vjcj7CDFBpflqncKUZfc3SzuF0kMBiyMmgXNPkjWTdE3Z+30HlGgYjHONZY/Q=="
      },
      "Roslynator.CodeAnalysis.Analyzers": {
        "type": "Direct",
        "requested": "[4.15.0, )",
        "resolved": "4.15.0",
        "contentHash": "XPY6vqHG8jLJ1S0SGzLDtyuDjmkcIAGuLRrsG3SlAuyAOlwnVfA1glgIy6YqXutoi7hwd1fqZC2W9zoMntuZNg=="
      },
      "Roslynator.Formatting.Analyzers": {
        "type": "Direct",
        "requested": "[4.15.0, )",
        "resolved": "4.15.0",
        "contentHash": "/LvSJGJbrx+OYC2GePmiAA9fRTfz37R/oaHC2j8YK/j9lE8ykZESCGTMVGqXF5woc6RbzfJlpYkzeG6fAV6hFQ=="
      },
      "System.IO.Abstractions": {
        "type": "Direct",
        "requested": "[22.1.0, )",
        "resolved": "22.1.0",
        "contentHash": "+QDwmFWQQ84FIRFkOGLwdhJWgOP2Qm+d73edWavzVvYrQ029jjB7CdT24L/F9QvGThN7uYZW6vLLSpvaUBC2Cw==",
        "dependencies": {
          "TestableIO.System.IO.Abstractions": "22.1.0",
          "TestableIO.System.IO.Abstractions.Wrappers": "22.1.0"
        }
      },
      "TestableIO.System.IO.Abstractions.Analyzers": {
        "type": "Direct",
        "requested": "[2022.0.0, )",
        "resolved": "2022.0.0",
        "contentHash": "rVk7HyTWXC1IOHTLMOzZyX6Wu1qbwVoA17XGF837uUElDnfg4emPxewPpGSgtuJzuJeoH4SGeQtDoB8v9J1d9Q=="
      },
      "TestableIO.System.IO.Abstractions": {
        "type": "Transitive",
        "resolved": "22.1.0",
        "contentHash": "YQ/IuNE8gP/+yNwQjdqd6DKhB9ADGjosxuY2IMXcQ3729iXa9QRsPlmIBpk73L0s9E2b+MTYhAR/2Spk8REjvA==",
        "dependencies": {
          "Testably.Abstractions.FileSystem.Interface": "10.0.0"
        }
      },
      "TestableIO.System.IO.Abstractions.Wrappers": {
        "type": "Transitive",
        "resolved": "22.1.0",
        "contentHash": "IsW3jQqIiTN4GwdWFx+dzgRL5XR75UDTFVGuuIackPf2d7eH0KKyrx4wuIoASa1XnS9zhgLP39FKwJq6nbbx1w==",
        "dependencies": {
          "Testably.Abstractions.FileSystem.Interface": "10.0.0"
        }
      },
      "Testably.Abstractions.FileSystem.Interface": {
        "type": "Transitive",
        "resolved": "10.0.0",
        "contentHash": "tZOXFLGjkh8TxgMgKeEcM2HAlz9DwndGl6TFLo6ISHcszFX3FkuPMrtVbmqVjhooWNXrgJ/a9cH9ym5MZL1LAg=="
      }
    },
    "net8.0/linux-arm64": {},
    "net8.0/linux-x64": {},
    "net8.0/osx-arm64": {},
    "net8.0/osx-x64": {},
    "net8.0/win-arm64": {},
    "net8.0/win-x64": {},
    "net9.0": {
      "ConsoleAppFramework": {
        "type": "Direct",
        "requested": "[5.7.13, )",
        "resolved": "5.7.13",
        "contentHash": "5YE0wrPl4U28g+L6502sNdyUKygSGfeLDOhutD/zMCTFSeM7QnonoYfHjckOeSd1DEl9PUQYAGSqO8DV7lCIuw=="
      },
      "JetBrains.Annotations": {
        "type": "Direct",
        "requested": "[2025.2.4, )",
        "resolved": "2025.2.4",
        "contentHash": "TwbgxAkXxY+vNEhNVx/QXjJ4vqxmepOjsgRvvImQPbHkHMMb4W+ahL3laMsxXKtNT7iMy+E1B3xkqao2hf1n3A=="
      },
      "Roslynator.Analyzers": {
        "type": "Direct",
        "requested": "[4.15.0, )",
        "resolved": "4.15.0",
        "contentHash": "E8fu71Y+vzhniJKy1K13Rzwm8Vjcj7CDFBpflqncKUZfc3SzuF0kMBiyMmgXNPkjWTdE3Z+30HlGgYjHONZY/Q=="
      },
      "Roslynator.CodeAnalysis.Analyzers": {
        "type": "Direct",
        "requested": "[4.15.0, )",
        "resolved": "4.15.0",
        "contentHash": "XPY6vqHG8jLJ1S0SGzLDtyuDjmkcIAGuLRrsG3SlAuyAOlwnVfA1glgIy6YqXutoi7hwd1fqZC2W9zoMntuZNg=="
      },
      "Roslynator.Formatting.Analyzers": {
        "type": "Direct",
        "requested": "[4.15.0, )",
        "resolved": "4.15.0",
        "contentHash": "/LvSJGJbrx+OYC2GePmiAA9fRTfz37R/oaHC2j8YK/j9lE8ykZESCGTMVGqXF5woc6RbzfJlpYkzeG6fAV6hFQ=="
      },
      "System.IO.Abstractions": {
        "type": "Direct",
        "requested": "[22.1.0, )",
        "resolved": "22.1.0",
        "contentHash": "+QDwmFWQQ84FIRFkOGLwdhJWgOP2Qm+d73edWavzVvYrQ029jjB7CdT24L/F9QvGThN7uYZW6vLLSpvaUBC2Cw==",
        "dependencies": {
          "TestableIO.System.IO.Abstractions": "22.1.0",
          "TestableIO.System.IO.Abstractions.Wrappers": "22.1.0"
        }
      },
      "TestableIO.System.IO.Abstractions.Analyzers": {
        "type": "Direct",
        "requested": "[2022.0.0, )",
        "resolved": "2022.0.0",
        "contentHash": "rVk7HyTWXC1IOHTLMOzZyX6Wu1qbwVoA17XGF837uUElDnfg4emPxewPpGSgtuJzuJeoH4SGeQtDoB8v9J1d9Q=="
      },
      "TestableIO.System.IO.Abstractions": {
        "type": "Transitive",
        "resolved": "22.1.0",
        "contentHash": "YQ/IuNE8gP/+yNwQjdqd6DKhB9ADGjosxuY2IMXcQ3729iXa9QRsPlmIBpk73L0s9E2b+MTYhAR/2Spk8REjvA==",
        "dependencies": {
          "Testably.Abstractions.FileSystem.Interface": "10.0.0"
        }
      },
      "TestableIO.System.IO.Abstractions.Wrappers": {
        "type": "Transitive",
        "resolved": "22.1.0",
        "contentHash": "IsW3jQqIiTN4GwdWFx+dzgRL5XR75UDTFVGuuIackPf2d7eH0KKyrx4wuIoASa1XnS9zhgLP39FKwJq6nbbx1w==",
        "dependencies": {
          "Testably.Abstractions.FileSystem.Interface": "10.0.0"
        }
      },
      "Testably.Abstractions.FileSystem.Interface": {
        "type": "Transitive",
        "resolved": "10.0.0",
        "contentHash": "tZOXFLGjkh8TxgMgKeEcM2HAlz9DwndGl6TFLo6ISHcszFX3FkuPMrtVbmqVjhooWNXrgJ/a9cH9ym5MZL1LAg=="
      }
    },
    "net9.0/linux-arm64": {},
    "net9.0/linux-x64": {},
    "net9.0/osx-arm64": {},
    "net9.0/osx-x64": {},
    "net9.0/win-arm64": {},
    "net9.0/win-x64": {}
  }
}